{
  "lockfileVersion": 1,
  "workspaces": {
    "": {
      "name": "payme-generate",
      "dependencies": {
        "bysquare": "^2.12.3",
      },
      "devDependencies": {
        "@types/bun": "latest",
      },
      "peerDependencies": {
        "typescript": "^5.0.0",
      },
    },
  },
  "packages": {
    "@types/bun": ["@types/bun@1.2.10", "", { "dependencies": { "bun-types": "1.2.10" } }, "sha512-eilv6WFM3M0c9ztJt7/g80BDusK98z/FrFwseZgT4bXCq2vPhXD4z8R3oddmAn+R/Nmz9vBn4kweJKmGTZj+lg=="],

    "@types/node": ["@types/node@22.14.1", "", { "dependencies": { "undici-types": "~6.21.0" } }, "sha512-u0HuPQwe/dHrItgHHpmw3N2fYCR6x4ivMNbPHRkBVP4CvN+kiRrKHWk3i8tXiO/joPwXLMYvF9TTF0eqgHIuOw=="],

    "bun-types": ["bun-types@1.2.10", "", { "dependencies": { "@types/node": "*" } }, "sha512-b5ITZMnVdf3m1gMvJHG+gIfeJHiQPJak0f7925Hxu6ZN5VKA8AGy4GZ4lM+Xkn6jtWxg5S3ldWvfmXdvnkp3GQ=="],

    "bysquare": ["bysquare@2.12.3", "", { "dependencies": { "lzma1": "0.0.5", "validator": "^13.12.0" }, "bin": { "bysquare": "dist/cli.js" } }, "sha512-X97zRFdWwSZ1IGUfszDn3p5ysX62h74nmy/3QQhRPv0UxOwzp40ESrfoA+t68AidWdJFTbw4JdKLtE6hdGqxNQ=="],

    "lzma1": ["lzma1@0.0.5", "", {}, "sha512-cJHuUOUqS2gmcjyEYxrqSF/1tii8gr0wTdIa92fIq4ryJD4Iek28qaueRnD7JarRGROwSPM7J0rNTZdlKMRaxA=="],

    "typescript": ["typescript@5.8.3", "", { "bin": { "tsc": "bin/tsc", "tsserver": "bin/tsserver" } }, "sha512-p1diW6TqL9L07nNxvRMM7hMMw4c5XOo/1ibL4aAIGmSAt9slTE1Xgw5KWuof2uTOvCg9BY7ZRi+GaF+7sfgPeQ=="],

    "undici-types": ["undici-types@6.21.0", "", {}, "sha512-iwDZqg0QAGrg9Rav5H4n0M64c3mkR59cJ6wQp+7C4nI0gsmExaedaYLNO44eT4AtBBwjbTiGPMlt2Md0T9H9JQ=="],

    "validator": ["validator@13.15.0", "", {}, "sha512-36B2ryl4+oL5QxZ3AzD0t5SsMNGvTtQHpjgFO5tbNxfXbMFkY822ktCDe1MnlqV3301QQI9SLHDNJokDI+Z9pA=="],
  }
}
